
Microsoft Visual Studio Solution File, Format Version 12.00
Project("{FAE04EC0-301F-11D3-BF4B-00C04F79EFBC}") = "Arktan.xyz", "Arktan.xyz\Arktan.xyz.csproj", "{0C67221B-FAD5-40D5-8BEB-F7F392A76D0D}"
EndProject
Global
	GlobalSection(SolutionConfigurationPlatforms) = preSolution
		Debug|Any CPU = Debug|Any CPU
		Release|Any CPU = Release|Any CPU
	EndGlobalSection
	GlobalSection(ProjectConfigurationPlatforms) = postSolution
		{0C67221B-FAD5-40D5-8BEB-F7F392A76D0D}.Debug|Any CPU.ActiveCfg = Debug|Any CPU
		{0C67221B-FAD5-40D5-8BEB-F7F392A76D0D}.Debug|Any CPU.Build.0 = Debug|Any CPU
		{0C67221B-FAD5-40D5-8BEB-F7F392A76D0D}.Release|Any CPU.ActiveCfg = Release|Any CPU
		{0C67221B-FAD5-40D5-8BEB-F7F392A76D0D}.Release|Any CPU.Build.0 = Release|Any CPU
	EndGlobalSection
EndGlobal
